
Microsoft Visual Studio Solution File, Format Version 12.00
# Visual Studio 15
VisualStudioVersion = 15.0.27130.2027
MinimumVisualStudioVersion = 10.0.40219.1
Project("{FAE04EC0-301F-11D3-BF4B-00C04F79EFBC}") = "Dietpitanie", "Dietpitanie\Dietpitanie.csproj", "{BA8F4407-5550-4E03-A69B-42CF4417C8DF}"
EndProject
Project("{FAE04EC0-301F-11D3-BF4B-00C04F79EFBC}") = "Dietpitanie.Test", "Dietpitanie.Test\Dietpitanie.Test.csproj", "{2E8E42CE-A275-467F-B64C-8BB3338BEDB4}"
EndProject
Global
	GlobalSection(SolutionConfigurationPlatforms) = preSolution
		Debug|Any CPU = Debug|Any CPU
		Release|Any CPU = Release|Any CPU
	EndGlobalSection
	GlobalSection(ProjectConfigurationPlatforms) = postSolution
		{BA8F4407-5550-4E03-A69B-42CF4417C8DF}.Debug|Any CPU.ActiveCfg = Debug|Any CPU
		{BA8F4407-5550-4E03-A69B-42CF4417C8DF}.Debug|Any CPU.Build.0 = Debug|Any CPU
		{BA8F4407-5550-4E03-A69B-42CF4417C8DF}.Release|Any CPU.ActiveCfg = Release|Any CPU
		{BA8F4407-5550-4E03-A69B-42CF4417C8DF}.Release|Any CPU.Build.0 = Release|Any CPU
		{2E8E42CE-A275-467F-B64C-8BB3338BEDB4}.Debug|Any CPU.ActiveCfg = Debug|Any CPU
		{2E8E42CE-A275-467F-B64C-8BB3338BEDB4}.Debug|Any CPU.Build.0 = Debug|Any CPU
		{2E8E42CE-A275-467F-B64C-8BB3338BEDB4}.Release|Any CPU.ActiveCfg = Release|Any CPU
		{2E8E42CE-A275-467F-B64C-8BB3338BEDB4}.Release|Any CPU.Build.0 = Release|Any CPU
	EndGlobalSection
	GlobalSection(SolutionProperties) = preSolution
		HideSolutionNode = FALSE
	EndGlobalSection
	GlobalSection(ExtensibilityGlobals) = postSolution
		SolutionGuid = {30DA1B4E-7ADD-4F23-8B06-FB67101F18D6}
	EndGlobalSection
EndGlobal
